// !$*UTF8*$!
{
	archiveVersion = 1;
	classes = {
	};
	objectVersion = 50;
	objects = {

/* Begin PBXBuildFile section */
		C2C136A8001E3AE9ABFC17A5 /* Pods_estgames_common_framework_example.framework in Frameworks */ = {isa = PBXBuildFile; fileRef = 88A0EC7EAF33E759A453829A /* Pods_estgames_common_framework_example.framework */; };
		ED0DF2AC20D9DECE000DB8D3 /* Localizable.strings in Resources */ = {isa = PBXBuildFile; fileRef = ED0DF2AE20D9DECE000DB8D3 /* Localizable.strings */; };
		ED0DF2F320DB87AF000DB8D3 /* sc3.png in Resources */ = {isa = PBXBuildFile; fileRef = ED0DF2F120DB87AE000DB8D3 /* sc3.png */; };
		ED0DF2F420DB87AF000DB8D3 /* sc4.png in Resources */ = {isa = PBXBuildFile; fileRef = ED0DF2F220DB87AF000DB8D3 /* sc4.png */; };
		ED8593FE208F07E9005C2271 /* AppDelegate.swift in Sources */ = {isa = PBXBuildFile; fileRef = ED8593FD208F07E9005C2271 /* AppDelegate.swift */; };
		ED859400208F07E9005C2271 /* ViewController.swift in Sources */ = {isa = PBXBuildFile; fileRef = ED8593FF208F07E9005C2271 /* ViewController.swift */; };
		ED859403208F07E9005C2271 /* Main.storyboard in Resources */ = {isa = PBXBuildFile; fileRef = ED859401208F07E9005C2271 /* Main.storyboard */; };
		ED859405208F07EB005C2271 /* Assets.xcassets in Resources */ = {isa = PBXBuildFile; fileRef = ED859404208F07EB005C2271 /* Assets.xcassets */; };
		ED859408208F07EB005C2271 /* LaunchScreen.storyboard in Resources */ = {isa = PBXBuildFile; fileRef = ED859406208F07EB005C2271 /* LaunchScreen.storyboard */; };
		ED859410208F09F2005C2271 /* awsconfiguration.json in Resources */ = {isa = PBXBuildFile; fileRef = ED85940F208F09F2005C2271 /* awsconfiguration.json */; };
		ED9695D020906B750037BE70 /* sc1.png in Resources */ = {isa = PBXBuildFile; fileRef = ED9695CF20906B750037BE70 /* sc1.png */; };
		ED9695D220907A020037BE70 /* sc2.png in Resources */ = {isa = PBXBuildFile; fileRef = ED9695D120907A020037BE70 /* sc2.png */; };
		EDBFC30720DCBE9000963E4F /* logo-aws@2x.png in Resources */ = {isa = PBXBuildFile; fileRef = EDBFC30420DCBE9000963E4F /* logo-aws@2x.png */; };
		EDBFC30820DCBE9000963E4F /* logo-aws@3x.png in Resources */ = {isa = PBXBuildFile; fileRef = EDBFC30520DCBE9000963E4F /* logo-aws@3x.png */; };
		EDBFC30920DCBE9000963E4F /* logo-aws.png in Resources */ = {isa = PBXBuildFile; fileRef = EDBFC30620DCBE9000963E4F /* logo-aws.png */; };
		EDBFC31120DCEBCA00963E4F /* IMG_3491.PNG in Resources */ = {isa = PBXBuildFile; fileRef = EDBFC31020DCEBCA00963E4F /* IMG_3491.PNG */; };
/* End PBXBuildFile section */

/* Begin PBXFileReference section */
		4E3AE6B7852AD55E9C649B8A /* Pods-estgames-common-framework-example.release.xcconfig */ = {isa = PBXFileReference; includeInIndex = 1; lastKnownFileType = text.xcconfig; name = "Pods-estgames-common-framework-example.release.xcconfig"; path = "Pods/Target Support Files/Pods-estgames-common-framework-example/Pods-estgames-common-framework-example.release.xcconfig"; sourceTree = "<group>"; };
		86280DD381B084B76838FDCA /* Pods-estgames-common-framework-example.debug.xcconfig */ = {isa = PBXFileReference; includeInIndex = 1; lastKnownFileType = text.xcconfig; name = "Pods-estgames-common-framework-example.debug.xcconfig"; path = "Pods/Target Support Files/Pods-estgames-common-framework-example/Pods-estgames-common-framework-example.debug.xcconfig"; sourceTree = "<group>"; };
		88A0EC7EAF33E759A453829A /* Pods_estgames_common_framework_example.framework */ = {isa = PBXFileReference; explicitFileType = wrapper.framework; includeInIndex = 0; path = Pods_estgames_common_framework_example.framework; sourceTree = BUILT_PRODUCTS_DIR; };
		ED0DF2AD20D9DECE000DB8D3 /* en */ = {isa = PBXFileReference; lastKnownFileType = text.plist.strings; name = en; path = en.lproj/Localizable.strings; sourceTree = "<group>"; };
		ED0DF2AF20D9DEDB000DB8D3 /* Base */ = {isa = PBXFileReference; lastKnownFileType = text.plist.strings; name = Base; path = Base.lproj/Localizable.strings; sourceTree = "<group>"; };
		ED0DF2B020D9DF72000DB8D3 /* ko */ = {isa = PBXFileReference; lastKnownFileType = text.plist.strings; name = ko; path = ko.lproj/Main.strings; sourceTree = "<group>"; };
		ED0DF2B120D9DF72000DB8D3 /* ko */ = {isa = PBXFileReference; lastKnownFileType = text.plist.strings; name = ko; path = ko.lproj/LaunchScreen.strings; sourceTree = "<group>"; };
		ED0DF2B220D9DF72000DB8D3 /* ko */ = {isa = PBXFileReference; lastKnownFileType = text.plist.strings; name = ko; path = ko.lproj/Localizable.strings; sourceTree = "<group>"; };
		ED0DF2F120DB87AE000DB8D3 /* sc3.png */ = {isa = PBXFileReference; lastKnownFileType = image.png; path = sc3.png; sourceTree = "<group>"; };
		ED0DF2F220DB87AF000DB8D3 /* sc4.png */ = {isa = PBXFileReference; lastKnownFileType = image.png; path = sc4.png; sourceTree = "<group>"; };
		ED8593FA208F07E9005C2271 /* estgames-common-framework-example.app */ = {isa = PBXFileReference; explicitFileType = wrapper.application; includeInIndex = 0; path = "estgames-common-framework-example.app"; sourceTree = BUILT_PRODUCTS_DIR; };
		ED8593FD208F07E9005C2271 /* AppDelegate.swift */ = {isa = PBXFileReference; lastKnownFileType = sourcecode.swift; path = AppDelegate.swift; sourceTree = "<group>"; };
		ED8593FF208F07E9005C2271 /* ViewController.swift */ = {isa = PBXFileReference; lastKnownFileType = sourcecode.swift; path = ViewController.swift; sourceTree = "<group>"; };
		ED859402208F07E9005C2271 /* Base */ = {isa = PBXFileReference; lastKnownFileType = file.storyboard; name = Base; path = Base.lproj/Main.storyboard; sourceTree = "<group>"; };
		ED859404208F07EB005C2271 /* Assets.xcassets */ = {isa = PBXFileReference; lastKnownFileType = folder.assetcatalog; path = Assets.xcassets; sourceTree = "<group>"; };
		ED859407208F07EB005C2271 /* Base */ = {isa = PBXFileReference; lastKnownFileType = file.storyboard; name = Base; path = Base.lproj/LaunchScreen.storyboard; sourceTree = "<group>"; };
		ED859409208F07EB005C2271 /* Info.plist */ = {isa = PBXFileReference; lastKnownFileType = text.plist.xml; path = Info.plist; sourceTree = "<group>"; };
		ED85940F208F09F2005C2271 /* awsconfiguration.json */ = {isa = PBXFileReference; fileEncoding = 4; lastKnownFileType = text.json; path = awsconfiguration.json; sourceTree = "<group>"; };
		ED9695CF20906B750037BE70 /* sc1.png */ = {isa = PBXFileReference; lastKnownFileType = image.png; path = sc1.png; sourceTree = "<group>"; };
		ED9695D120907A020037BE70 /* sc2.png */ = {isa = PBXFileReference; lastKnownFileType = image.png; path = sc2.png; sourceTree = "<group>"; };
		EDBFC30420DCBE9000963E4F /* logo-aws@2x.png */ = {isa = PBXFileReference; lastKnownFileType = image.png; name = "logo-aws@2x.png"; path = "../../../../Downloads/111/logo-aws@2x.png"; sourceTree = "<group>"; };
		EDBFC30520DCBE9000963E4F /* logo-aws@3x.png */ = {isa = PBXFileReference; lastKnownFileType = image.png; name = "logo-aws@3x.png"; path = "../../../../Downloads/111/logo-aws@3x.png"; sourceTree = "<group>"; };
		EDBFC30620DCBE9000963E4F /* logo-aws.png */ = {isa = PBXFileReference; lastKnownFileType = image.png; name = "logo-aws.png"; path = "../../../../Downloads/111/logo-aws.png"; sourceTree = "<group>"; };
		EDBFC31020DCEBCA00963E4F /* IMG_3491.PNG */ = {isa = PBXFileReference; lastKnownFileType = image.png; name = IMG_3491.PNG; path = ../../../../Downloads/111/IMG_3491.PNG; sourceTree = "<group>"; };
/* End PBXFileReference section */

/* Begin PBXFrameworksBuildPhase section */
		ED8593F7208F07E9005C2271 /* Frameworks */ = {
			isa = PBXFrameworksBuildPhase;
			buildActionMask = 2147483647;
			files = (
				C2C136A8001E3AE9ABFC17A5 /* Pods_estgames_common_framework_example.framework in Frameworks */,
			);
			runOnlyForDeploymentPostprocessing = 0;
		};
/* End PBXFrameworksBuildPhase section */

/* Begin PBXGroup section */
		36098793053ABCE50FCF948D /* Pods */ = {
			isa = PBXGroup;
			children = (
				86280DD381B084B76838FDCA /* Pods-estgames-common-framework-example.debug.xcconfig */,
				4E3AE6B7852AD55E9C649B8A /* Pods-estgames-common-framework-example.release.xcconfig */,
			);
			name = Pods;
			sourceTree = "<group>";
		};
		9546EDECE5A5AC50E9D3FC9D /* Frameworks */ = {
			isa = PBXGroup;
			children = (
				88A0EC7EAF33E759A453829A /* Pods_estgames_common_framework_example.framework */,
			);
			name = Frameworks;
			sourceTree = "<group>";
		};
		ED8593F1208F07E9005C2271 = {
			isa = PBXGroup;
			children = (
				ED8593FC208F07E9005C2271 /* estgames-common-framework-example */,
				ED8593FB208F07E9005C2271 /* Products */,
				36098793053ABCE50FCF948D /* Pods */,
				9546EDECE5A5AC50E9D3FC9D /* Frameworks */,
			);
			sourceTree = "<group>";
		};
		ED8593FB208F07E9005C2271 /* Products */ = {
			isa = PBXGroup;
			children = (
				ED8593FA208F07E9005C2271 /* estgames-common-framework-example.app */,
			);
			name = Products;
			sourceTree = "<group>";
		};
		ED8593FC208F07E9005C2271 /* estgames-common-framework-example */ = {
			isa = PBXGroup;
			children = (
				EDBFC31020DCEBCA00963E4F /* IMG_3491.PNG */,
				EDBFC30620DCBE9000963E4F /* logo-aws.png */,
				EDBFC30420DCBE9000963E4F /* logo-aws@2x.png */,
				EDBFC30520DCBE9000963E4F /* logo-aws@3x.png */,
				ED0DF2F120DB87AE000DB8D3 /* sc3.png */,
				ED0DF2F220DB87AF000DB8D3 /* sc4.png */,
				ED9695D120907A020037BE70 /* sc2.png */,
				ED9695CF20906B750037BE70 /* sc1.png */,
				ED8593FD208F07E9005C2271 /* AppDelegate.swift */,
				ED8593FF208F07E9005C2271 /* ViewController.swift */,
				ED859401208F07E9005C2271 /* Main.storyboard */,
				ED859404208F07EB005C2271 /* Assets.xcassets */,
				ED859406208F07EB005C2271 /* LaunchScreen.storyboard */,
				ED85940F208F09F2005C2271 /* awsconfiguration.json */,
				ED859409208F07EB005C2271 /* Info.plist */,
				ED0DF2AE20D9DECE000DB8D3 /* Localizable.strings */,
			);
			path = "estgames-common-framework-example";
			sourceTree = "<group>";
		};
/* End PBXGroup section */

/* Begin PBXNativeTarget section */
		ED8593F9208F07E9005C2271 /* estgames-common-framework-example */ = {
			isa = PBXNativeTarget;
			buildConfigurationList = ED85940C208F07EB005C2271 /* Build configuration list for PBXNativeTarget "estgames-common-framework-example" */;
			buildPhases = (
				A95A7C0987182FA2A9002A80 /* [CP] Check Pods Manifest.lock */,
				ED8593F6208F07E9005C2271 /* Sources */,
				ED8593F7208F07E9005C2271 /* Frameworks */,
				ED8593F8208F07E9005C2271 /* Resources */,
				D27DA8EDA23F6808E7B7D7F3 /* [CP] Embed Pods Frameworks */,
				CE2E7475F703C68998C58828 /* [CP] Copy Pods Resources */,
			);
			buildRules = (
			);
			dependencies = (
			);
			name = "estgames-common-framework-example";
			productName = "estgames-common-framework-example";
			productReference = ED8593FA208F07E9005C2271 /* estgames-common-framework-example.app */;
			productType = "com.apple.product-type.application";
		};
/* End PBXNativeTarget section */

/* Begin PBXProject section */
		ED8593F2208F07E9005C2271 /* Project object */ = {
			isa = PBXProject;
			attributes = {
				LastSwiftUpdateCheck = 0930;
				LastUpgradeCheck = 0930;
				ORGANIZATIONNAME = estgames;
				TargetAttributes = {
					ED8593F9208F07E9005C2271 = {
						CreatedOnToolsVersion = 9.3;
					};
				};
			};
			buildConfigurationList = ED8593F5208F07E9005C2271 /* Build configuration list for PBXProject "estgames-common-framework-example" */;
			compatibilityVersion = "Xcode 9.3";
			developmentRegion = en;
			hasScannedForEncodings = 0;
			knownRegions = (
				en,
				Base,
				ko,
			);
			mainGroup = ED8593F1208F07E9005C2271;
			productRefGroup = ED8593FB208F07E9005C2271 /* Products */;
			projectDirPath = "";
			projectRoot = "";
			targets = (
				ED8593F9208F07E9005C2271 /* estgames-common-framework-example */,
			);
		};
/* End PBXProject section */

/* Begin PBXResourcesBuildPhase section */
		ED8593F8208F07E9005C2271 /* Resources */ = {
			isa = PBXResourcesBuildPhase;
			buildActionMask = 2147483647;
			files = (
				EDBFC30920DCBE9000963E4F /* logo-aws.png in Resources */,
				EDBFC31120DCEBCA00963E4F /* IMG_3491.PNG in Resources */,
				ED0DF2AC20D9DECE000DB8D3 /* Localizable.strings in Resources */,
				ED859410208F09F2005C2271 /* awsconfiguration.json in Resources */,
				ED859408208F07EB005C2271 /* LaunchScreen.storyboard in Resources */,
				EDBFC30720DCBE9000963E4F /* logo-aws@2x.png in Resources */,
				EDBFC30820DCBE9000963E4F /* logo-aws@3x.png in Resources */,
				ED0DF2F420DB87AF000DB8D3 /* sc4.png in Resources */,
				ED0DF2F320DB87AF000DB8D3 /* sc3.png in Resources */,
				ED9695D020906B750037BE70 /* sc1.png in Resources */,
				ED9695D220907A020037BE70 /* sc2.png in Resources */,
				ED859405208F07EB005C2271 /* Assets.xcassets in Resources */,
				ED859403208F07E9005C2271 /* Main.storyboard in Resources */,
			);
			runOnlyForDeploymentPostprocessing = 0;
		};
/* End PBXResourcesBuildPhase section */

/* Begin PBXShellScriptBuildPhase section */
		A95A7C0987182FA2A9002A80 /* [CP] Check Pods Manifest.lock */ = {
			isa = PBXShellScriptBuildPhase;
			buildActionMask = 2147483647;
			files = (
			);
			inputPaths = (
				"${PODS_PODFILE_DIR_PATH}/Podfile.lock",
				"${PODS_ROOT}/Manifest.lock",
			);
			name = "[CP] Check Pods Manifest.lock";
			outputPaths = (
				"$(DERIVED_FILE_DIR)/Pods-estgames-common-framework-example-checkManifestLockResult.txt",
			);
			runOnlyForDeploymentPostprocessing = 0;
			shellPath = /bin/sh;
			shellScript = "diff \"${PODS_PODFILE_DIR_PATH}/Podfile.lock\" \"${PODS_ROOT}/Manifest.lock\" > /dev/null\nif [ $? != 0 ] ; then\n    # print error to STDERR\n    echo \"error: The sandbox is not in sync with the Podfile.lock. Run 'pod install' or update your CocoaPods installation.\" >&2\n    exit 1\nfi\n# This output is used by Xcode 'outputs' to avoid re-running this script phase.\necho \"SUCCESS\" > \"${SCRIPT_OUTPUT_FILE_0}\"\n";
			showEnvVarsInLog = 0;
		};
		CE2E7475F703C68998C58828 /* [CP] Copy Pods Resources */ = {
			isa = PBXShellScriptBuildPhase;
			buildActionMask = 2147483647;
			files = (
			);
			inputPaths = (
				"${SRCROOT}/Pods/Target Support Files/Pods-estgames-common-framework-example/Pods-estgames-common-framework-example-resources.sh",
				"${PODS_ROOT}/GoogleSignIn/Resources/GoogleSignIn.bundle",
			);
			name = "[CP] Copy Pods Resources";
			outputPaths = (
				"${TARGET_BUILD_DIR}/${UNLOCALIZED_RESOURCES_FOLDER_PATH}/GoogleSignIn.bundle",
			);
			runOnlyForDeploymentPostprocessing = 0;
			shellPath = /bin/sh;
			shellScript = "\"${SRCROOT}/Pods/Target Support Files/Pods-estgames-common-framework-example/Pods-estgames-common-framework-example-resources.sh\"\n";
			showEnvVarsInLog = 0;
		};
		D27DA8EDA23F6808E7B7D7F3 /* [CP] Embed Pods Frameworks */ = {
			isa = PBXShellScriptBuildPhase;
			buildActionMask = 2147483647;
			files = (
			);
			inputPaths = (
				"${SRCROOT}/Pods/Target Support Files/Pods-estgames-common-framework-example/Pods-estgames-common-framework-example-frameworks.sh",
				"${BUILT_PRODUCTS_DIR}/AWSAuthCore/AWSAuthCore.framework",
				"${BUILT_PRODUCTS_DIR}/AWSAuthUI/AWSAuthUI.framework",
				"${BUILT_PRODUCTS_DIR}/AWSCognito/AWSCognito.framework",
				"${BUILT_PRODUCTS_DIR}/AWSCore/AWSCore.framework",
				"${BUILT_PRODUCTS_DIR}/AWSFacebookSignIn/AWSFacebookSignIn.framework",
				"${BUILT_PRODUCTS_DIR}/AWSGoogleSignIn/AWSGoogleSignIn.framework",
				"${BUILT_PRODUCTS_DIR}/AWSPinpoint/AWSPinpoint.framework",
				"${BUILT_PRODUCTS_DIR}/Alamofire/Alamofire.framework",
				"${BUILT_PRODUCTS_DIR}/Bolts/Bolts.framework",
				"${BUILT_PRODUCTS_DIR}/FBSDKCoreKit/FBSDKCoreKit.framework",
				"${BUILT_PRODUCTS_DIR}/FBSDKLoginKit/FBSDKLoginKit.framework",
				"${BUILT_PRODUCTS_DIR}/GTMOAuth2/GTMOAuth2.framework",
				"${BUILT_PRODUCTS_DIR}/GTMSessionFetcher/GTMSessionFetcher.framework",
				"${BUILT_PRODUCTS_DIR}/GoogleToolboxForMac/GoogleToolboxForMac.framework",
				"${BUILT_PRODUCTS_DIR}/SwiftKeychainWrapper/SwiftKeychainWrapper.framework",
				"${BUILT_PRODUCTS_DIR}/estgames-common-framework/estgames_common_framework.framework",
			);
			name = "[CP] Embed Pods Frameworks";
			outputPaths = (
				"${TARGET_BUILD_DIR}/${FRAMEWORKS_FOLDER_PATH}/AWSAuthCore.framework",
				"${TARGET_BUILD_DIR}/${FRAMEWORKS_FOLDER_PATH}/AWSAuthUI.framework",
				"${TARGET_BUILD_DIR}/${FRAMEWORKS_FOLDER_PATH}/AWSCognito.framework",
				"${TARGET_BUILD_DIR}/${FRAMEWORKS_FOLDER_PATH}/AWSCore.framework",
				"${TARGET_BUILD_DIR}/${FRAMEWORKS_FOLDER_PATH}/AWSFacebookSignIn.framework",
				"${TARGET_BUILD_DIR}/${FRAMEWORKS_FOLDER_PATH}/AWSGoogleSignIn.framework",
				"${TARGET_BUILD_DIR}/${FRAMEWORKS_FOLDER_PATH}/AWSPinpoint.framework",
				"${TARGET_BUILD_DIR}/${FRAMEWORKS_FOLDER_PATH}/Alamofire.framework",
				"${TARGET_BUILD_DIR}/${FRAMEWORKS_FOLDER_PATH}/Bolts.framework",
				"${TARGET_BUILD_DIR}/${FRAMEWORKS_FOLDER_PATH}/FBSDKCoreKit.framework",
				"${TARGET_BUILD_DIR}/${FRAMEWORKS_FOLDER_PATH}/FBSDKLoginKit.framework",
				"${TARGET_BUILD_DIR}/${FRAMEWORKS_FOLDER_PATH}/GTMOAuth2.framework",
				"${TARGET_BUILD_DIR}/${FRAMEWORKS_FOLDER_PATH}/GTMSessionFetcher.framework",
				"${TARGET_BUILD_DIR}/${FRAMEWORKS_FOLDER_PATH}/GoogleToolboxForMac.framework",
				"${TARGET_BUILD_DIR}/${FRAMEWORKS_FOLDER_PATH}/SwiftKeychainWrapper.framework",
				"${TARGET_BUILD_DIR}/${FRAMEWORKS_FOLDER_PATH}/estgames_common_framework.framework",
			);
			runOnlyForDeploymentPostprocessing = 0;
			shellPath = /bin/sh;
			shellScript = "\"${SRCROOT}/Pods/Target Support Files/Pods-estgames-common-framework-example/Pods-estgames-common-framework-example-frameworks.sh\"\n";
			showEnvVarsInLog = 0;
		};
/* End PBXShellScriptBuildPhase section */

/* Begin PBXSourcesBuildPhase section */
		ED8593F6208F07E9005C2271 /* Sources */ = {
			isa = PBXSourcesBuildPhase;
			buildActionMask = 2147483647;
			files = (
				ED859400208F07E9005C2271 /* ViewController.swift in Sources */,
				ED8593FE208F07E9005C2271 /* AppDelegate.swift in Sources */,
			);
			runOnlyForDeploymentPostprocessing = 0;
		};
/* End PBXSourcesBuildPhase section */

/* Begin PBXVariantGroup section */
		ED0DF2AE20D9DECE000DB8D3 /* Localizable.strings */ = {
			isa = PBXVariantGroup;
			children = (
				ED0DF2AD20D9DECE000DB8D3 /* en */,
				ED0DF2AF20D9DEDB000DB8D3 /* Base */,
				ED0DF2B220D9DF72000DB8D3 /* ko */,
			);
			name = Localizable.strings;
			sourceTree = "<group>";
		};
		ED859401208F07E9005C2271 /* Main.storyboard */ = {
			isa = PBXVariantGroup;
			children = (
				ED859402208F07E9005C2271 /* Base */,
				ED0DF2B020D9DF72000DB8D3 /* ko */,
			);
			name = Main.storyboard;
			sourceTree = "<group>";
		};
		ED859406208F07EB005C2271 /* LaunchScreen.storyboard */ = {
			isa = PBXVariantGroup;
			children = (
				ED859407208F07EB005C2271 /* Base */,
				ED0DF2B120D9DF72000DB8D3 /* ko */,
			);
			name = LaunchScreen.storyboard;
			sourceTree = "<group>";
		};
/* End PBXVariantGroup section */

/* Begin XCBuildConfiguration section */
		ED85940A208F07EB005C2271 /* Debug */ = {
			isa = XCBuildConfiguration;
			buildSettings = {
				ALWAYS_SEARCH_USER_PATHS = NO;
				CLANG_ANALYZER_LOCALIZABILITY_NONLOCALIZED = YES;
				CLANG_ANALYZER_NONNULL = YES;
				CLANG_ANALYZER_NUMBER_OBJECT_CONVERSION = YES_AGGRESSIVE;
				CLANG_CXX_LANGUAGE_STANDARD = "gnu++14";
				CLANG_CXX_LIBRARY = "libc++";
				CLANG_ENABLE_MODULES = YES;
				CLANG_ENABLE_OBJC_ARC = YES;
				CLANG_ENABLE_OBJC_WEAK = YES;
				CLANG_WARN_BLOCK_CAPTURE_AUTORELEASING = YES;
				CLANG_WARN_BOOL_CONVERSION = YES;
				CLANG_WARN_COMMA = YES;
				CLANG_WARN_CONSTANT_CONVERSION = YES;
				CLANG_WARN_DEPRECATED_OBJC_IMPLEMENTATIONS = YES;
				CLANG_WARN_DIRECT_OBJC_ISA_USAGE = YES_ERROR;
				CLANG_WARN_DOCUMENTATION_COMMENTS = YES;
				CLANG_WARN_EMPTY_BODY = YES;
				CLANG_WARN_ENUM_CONVERSION = YES;
				CLANG_WARN_INFINITE_RECURSION = YES;
				CLANG_WARN_INT_CONVERSION = YES;
				CLANG_WARN_NON_LITERAL_NULL_CONVERSION = YES;
				CLANG_WARN_OBJC_IMPLICIT_RETAIN_SELF = YES;
				CLANG_WARN_OBJC_LITERAL_CONVERSION = YES;
				CLANG_WARN_OBJC_ROOT_CLASS = YES_ERROR;
				CLANG_WARN_RANGE_LOOP_ANALYSIS = YES;
				CLANG_WARN_STRICT_PROTOTYPES = YES;
				CLANG_WARN_SUSPICIOUS_MOVE = YES;
				CLANG_WARN_UNGUARDED_AVAILABILITY = YES_AGGRESSIVE;
				CLANG_WARN_UNREACHABLE_CODE = YES;
				CLANG_WARN__DUPLICATE_METHOD_MATCH = YES;
				CODE_SIGN_IDENTITY = "iPhone Developer";
				COPY_PHASE_STRIP = NO;
				DEBUG_INFORMATION_FORMAT = dwarf;
				ENABLE_STRICT_OBJC_MSGSEND = YES;
				ENABLE_TESTABILITY = YES;
				GCC_C_LANGUAGE_STANDARD = gnu11;
				GCC_DYNAMIC_NO_PIC = NO;
				GCC_NO_COMMON_BLOCKS = YES;
				GCC_OPTIMIZATION_LEVEL = 0;
				GCC_PREPROCESSOR_DEFINITIONS = (
					"DEBUG=1",
					"$(inherited)",
				);
				GCC_WARN_64_TO_32_BIT_CONVERSION = YES;
				GCC_WARN_ABOUT_RETURN_TYPE = YES_ERROR;
				GCC_WARN_UNDECLARED_SELECTOR = YES;
				GCC_WARN_UNINITIALIZED_AUTOS = YES_AGGRESSIVE;
				GCC_WARN_UNUSED_FUNCTION = YES;
				GCC_WARN_UNUSED_VARIABLE = YES;
				IPHONEOS_DEPLOYMENT_TARGET = 10.0;
				MTL_ENABLE_DEBUG_INFO = YES;
				ONLY_ACTIVE_ARCH = YES;
				SDKROOT = iphoneos;
				SWIFT_ACTIVE_COMPILATION_CONDITIONS = DEBUG;
				SWIFT_OPTIMIZATION_LEVEL = "-Onone";
			};
			name = Debug;
		};
		ED85940B208F07EB005C2271 /* Release */ = {
			isa = XCBuildConfiguration;
			buildSettings = {
				ALWAYS_SEARCH_USER_PATHS = NO;
				CLANG_ANALYZER_LOCALIZABILITY_NONLOCALIZED = YES;
				CLANG_ANALYZER_NONNULL = YES;
				CLANG_ANALYZER_NUMBER_OBJECT_CONVERSION = YES_AGGRESSIVE;
				CLANG_CXX_LANGUAGE_STANDARD = "gnu++14";
				CLANG_CXX_LIBRARY = "libc++";
				CLANG_ENABLE_MODULES = YES;
				CLANG_ENABLE_OBJC_ARC = YES;
				CLANG_ENABLE_OBJC_WEAK = YES;
				CLANG_WARN_BLOCK_CAPTURE_AUTORELEASING = YES;
				CLANG_WARN_BOOL_CONVERSION = YES;
				CLANG_WARN_COMMA = YES;
				CLANG_WARN_CONSTANT_CONVERSION = YES;
				CLANG_WARN_DEPRECATED_OBJC_IMPLEMENTATIONS = YES;
				CLANG_WARN_DIRECT_OBJC_ISA_USAGE = YES_ERROR;
				CLANG_WARN_DOCUMENTATION_COMMENTS = YES;
				CLANG_WARN_EMPTY_BODY = YES;
				CLANG_WARN_ENUM_CONVERSION = YES;
				CLANG_WARN_INFINITE_RECURSION = YES;
				CLANG_WARN_INT_CONVERSION = YES;
				CLANG_WARN_NON_LITERAL_NULL_CONVERSION = YES;
				CLANG_WARN_OBJC_IMPLICIT_RETAIN_SELF = YES;
				CLANG_WARN_OBJC_LITERAL_CONVERSION = YES;
				CLANG_WARN_OBJC_ROOT_CLASS = YES_ERROR;
				CLANG_WARN_RANGE_LOOP_ANALYSIS = YES;
				CLANG_WARN_STRICT_PROTOTYPES = YES;
				CLANG_WARN_SUSPICIOUS_MOVE = YES;
				CLANG_WARN_UNGUARDED_AVAILABILITY = YES_AGGRESSIVE;
				CLANG_WARN_UNREACHABLE_CODE = YES;
				CLANG_WARN__DUPLICATE_METHOD_MATCH = YES;
				CODE_SIGN_IDENTITY = "iPhone Developer";
				COPY_PHASE_STRIP = NO;
				DEBUG_INFORMATION_FORMAT = "dwarf-with-dsym";
				ENABLE_NS_ASSERTIONS = NO;
				ENABLE_STRICT_OBJC_MSGSEND = YES;
				GCC_C_LANGUAGE_STANDARD = gnu11;
				GCC_NO_COMMON_BLOCKS = YES;
				GCC_WARN_64_TO_32_BIT_CONVERSION = YES;
				GCC_WARN_ABOUT_RETURN_TYPE = YES_ERROR;
				GCC_WARN_UNDECLARED_SELECTOR = YES;
				GCC_WARN_UNINITIALIZED_AUTOS = YES_AGGRESSIVE;
				GCC_WARN_UNUSED_FUNCTION = YES;
				GCC_WARN_UNUSED_VARIABLE = YES;
				IPHONEOS_DEPLOYMENT_TARGET = 10.0;
				MTL_ENABLE_DEBUG_INFO = NO;
				SDKROOT = iphoneos;
				SWIFT_COMPILATION_MODE = wholemodule;
				SWIFT_OPTIMIZATION_LEVEL = "-O";
				VALIDATE_PRODUCT = YES;
			};
			name = Release;
		};
		ED85940D208F07EB005C2271 /* Debug */ = {
			isa = XCBuildConfiguration;
			baseConfigurationReference = 86280DD381B084B76838FDCA /* Pods-estgames-common-framework-example.debug.xcconfig */;
			buildSettings = {
				ASSETCATALOG_COMPILER_APPICON_NAME = AppIcon;
				CODE_SIGN_STYLE = Automatic;
				DEFINES_MODULE = YES;
				DEVELOPMENT_TEAM = 7VT8SF39BZ;
				INFOPLIST_FILE = "estgames-common-framework-example/Info.plist";
				IPHONEOS_DEPLOYMENT_TARGET = 10.0;
				LD_RUNPATH_SEARCH_PATHS = (
					"$(inherited)",
					"@executable_path/Frameworks",
				);
				PRODUCT_BUNDLE_IDENTIFIER = "com.estgames.estgames-common-framework-example";
				PRODUCT_NAME = "$(TARGET_NAME)";
				SWIFT_VERSION = 4.0;
				TARGETED_DEVICE_FAMILY = "1,2";
			};
			name = Debug;
		};
		ED85940E208F07EB005C2271 /* Release */ = {
			isa = XCBuildConfiguration;
			baseConfigurationReference = 4E3AE6B7852AD55E9C649B8A /* Pods-estgames-common-framework-example.release.xcconfig */;
			buildSettings = {
				ASSETCATALOG_COMPILER_APPICON_NAME = AppIcon;
				CODE_SIGN_STYLE = Automatic;
				DEFINES_MODULE = YES;
				DEVELOPMENT_TEAM = 7VT8SF39BZ;
				INFOPLIST_FILE = "estgames-common-framework-example/Info.plist";
				IPHONEOS_DEPLOYMENT_TARGET = 10.0;
				LD_RUNPATH_SEARCH_PATHS = (
					"$(inherited)",
					"@executable_path/Frameworks",
				);
				PRODUCT_BUNDLE_IDENTIFIER = "com.estgames.estgames-common-framework-example";
				PRODUCT_NAME = "$(TARGET_NAME)";
				SWIFT_VERSION = 4.0;
				TARGETED_DEVICE_FAMILY = "1,2";
			};
			name = Release;
		};
/* End XCBuildConfiguration section */

/* Begin XCConfigurationList section */
		ED8593F5208F07E9005C2271 /* Build configuration list for PBXProject "estgames-common-framework-example" */ = {
			isa = XCConfigurationList;
			buildConfigurations = (
				ED85940A208F07EB005C2271 /* Debug */,
				ED85940B208F07EB005C2271 /* Release */,
			);
			defaultConfigurationIsVisible = 0;
			defaultConfigurationName = Release;
		};
		ED85940C208F07EB005C2271 /* Build configuration list for PBXNativeTarget "estgames-common-framework-example" */ = {
			isa = XCConfigurationList;
			buildConfigurations = (
				ED85940D208F07EB005C2271 /* Debug */,
				ED85940E208F07EB005C2271 /* Release */,
			);
			defaultConfigurationIsVisible = 0;
			defaultConfigurationName = Release;
		};
/* End XCConfigurationList section */
	};
	rootObject = ED8593F2208F07E9005C2271 /* Project object */;
}
